// !$*UTF8*$!
{
	archiveVersion = 1;
	classes = {
	};
	objectVersion = 55;
	objects = {

/* Begin PBXFileReference section */
		73119AC9286DB1E4003A662D /* day-1.playground */ = {isa = PBXFileReference; lastKnownFileType = file.playground; path = "day-1.playground"; sourceTree = "<group>"; xcLanguageSpecificationIdentifier = xcode.lang.swift; };
		73119ACA286DB252003A662D /* day-2.playground */ = {isa = PBXFileReference; lastKnownFileType = file.playground; path = "day-2.playground"; sourceTree = "<group>"; xcLanguageSpecificationIdentifier = xcode.lang.swift; };
		73119ACB286DB39F003A662D /* day-3.playground */ = {isa = PBXFileReference; lastKnownFileType = file.playground; path = "day-3.playground"; sourceTree = "<group>"; xcLanguageSpecificationIdentifier = xcode.lang.swift; };
		73119ACC286DC5AF003A662D /* day-4.playground */ = {isa = PBXFileReference; lastKnownFileType = file.playground; path = "day-4.playground"; sourceTree = "<group>"; xcLanguageSpecificationIdentifier = xcode.lang.swift; };
		73119ACE286DEE90003A662D /* day-5.playground */ = {isa = PBXFileReference; lastKnownFileType = file.playground; path = "day-5.playground"; sourceTree = "<group>"; xcLanguageSpecificationIdentifier = xcode.lang.swift; };
/* End PBXFileReference section */

/* Begin PBXGroup section */
		73119AC2286DB1C1003A662D = {
			isa = PBXGroup;
			children = (
				73119ACE286DEE90003A662D /* day-5.playground */,
				73119ACC286DC5AF003A662D /* day-4.playground */,
				73119ACB286DB39F003A662D /* day-3.playground */,
				73119ACA286DB252003A662D /* day-2.playground */,
				73119AC9286DB1E4003A662D /* day-1.playground */,
			);
			sourceTree = "<group>";
		};
/* End PBXGroup section */

/* Begin PBXProject section */
		73119AC3286DB1C1003A662D /* Project object */ = {
			isa = PBXProject;
			attributes = {
				BuildIndependentTargetsInParallel = 1;
				LastUpgradeCheck = 1340;
			};
			buildConfigurationList = 73119AC6286DB1C1003A662D /* Build configuration list for PBXProject "jump-to-swift" */;
			compatibilityVersion = "Xcode 13.0";
			developmentRegion = en;
			hasScannedForEncodings = 0;
			knownRegions = (
				en,
				Base,
			);
			mainGroup = 73119AC2286DB1C1003A662D;
			projectDirPath = "";
			projectRoot = "";
			targets = (
			);
		};
/* End PBXProject section */

/* Begin XCBuildConfiguration section */
		73119AC7286DB1C1003A662D /* Debug */ = {
			isa = XCBuildConfiguration;
			buildSettings = {
			};
			name = Debug;
		};
		73119AC8286DB1C1003A662D /* Release */ = {
			isa = XCBuildConfiguration;
			buildSettings = {
			};
			name = Release;
		};
/* End XCBuildConfiguration section */

/* Begin XCConfigurationList section */
		73119AC6286DB1C1003A662D /* Build configuration list for PBXProject "jump-to-swift" */ = {
			isa = XCConfigurationList;
			buildConfigurations = (
				73119AC7286DB1C1003A662D /* Debug */,
				73119AC8286DB1C1003A662D /* Release */,
			);
			defaultConfigurationIsVisible = 0;
			defaultConfigurationName = Release;
		};
/* End XCConfigurationList section */
	};
	rootObject = 73119AC3286DB1C1003A662D /* Project object */;
}
